// !$*UTF8*$!
{
	archiveVersion = 1;
	classes = {
	};
	objectVersion = 46;
	objects = {

/* Begin PBXBuildFile section */
		C5DCC9491F4D2EB2003800EB /* AppDelegate.swift in Sources */ = {isa = PBXBuildFile; fileRef = C5DCC9481F4D2EB2003800EB /* AppDelegate.swift */; };
		C5DCC94B1F4D2EB2003800EB /* ViewController.swift in Sources */ = {isa = PBXBuildFile; fileRef = C5DCC94A1F4D2EB2003800EB /* ViewController.swift */; };
		C5DCC94D1F4D2EB2003800EB /* Document.swift in Sources */ = {isa = PBXBuildFile; fileRef = C5DCC94C1F4D2EB2003800EB /* Document.swift */; };
		C5DCC94F1F4D2EB2003800EB /* Assets.xcassets in Resources */ = {isa = PBXBuildFile; fileRef = C5DCC94E1F4D2EB2003800EB /* Assets.xcassets */; };
		C5DCC9521F4D2EB2003800EB /* Main.storyboard in Resources */ = {isa = PBXBuildFile; fileRef = C5DCC9501F4D2EB2003800EB /* Main.storyboard */; };
		C5DCC95D1F4D2EB2003800EB /* JournalClubPresenterTests.swift in Sources */ = {isa = PBXBuildFile; fileRef = C5DCC95C1F4D2EB2003800EB /* JournalClubPresenterTests.swift */; };
		C5DCC9681F4D2EB2003800EB /* JournalClubPresenterUITests.swift in Sources */ = {isa = PBXBuildFile; fileRef = C5DCC9671F4D2EB2003800EB /* JournalClubPresenterUITests.swift */; };
/* End PBXBuildFile section */

/* Begin PBXContainerItemProxy section */
		C5DCC9591F4D2EB2003800EB /* PBXContainerItemProxy */ = {
			isa = PBXContainerItemProxy;
			containerPortal = C5DCC93D1F4D2EB2003800EB /* Project object */;
			proxyType = 1;
			remoteGlobalIDString = C5DCC9441F4D2EB2003800EB;
			remoteInfo = JournalClubPresenter;
		};
		C5DCC9641F4D2EB2003800EB /* PBXContainerItemProxy */ = {
			isa = PBXContainerItemProxy;
			containerPortal = C5DCC93D1F4D2EB2003800EB /* Project object */;
			proxyType = 1;
			remoteGlobalIDString = C5DCC9441F4D2EB2003800EB;
			remoteInfo = JournalClubPresenter;
		};
/* End PBXContainerItemProxy section */

/* Begin PBXFileReference section */
		C5DCC9451F4D2EB2003800EB /* JournalClubPresenter.app */ = {isa = PBXFileReference; explicitFileType = wrapper.application; includeInIndex = 0; path = JournalClubPresenter.app; sourceTree = BUILT_PRODUCTS_DIR; };
		C5DCC9481F4D2EB2003800EB /* AppDelegate.swift */ = {isa = PBXFileReference; lastKnownFileType = sourcecode.swift; path = AppDelegate.swift; sourceTree = "<group>"; };
		C5DCC94A1F4D2EB2003800EB /* ViewController.swift */ = {isa = PBXFileReference; lastKnownFileType = sourcecode.swift; path = ViewController.swift; sourceTree = "<group>"; };
		C5DCC94C1F4D2EB2003800EB /* Document.swift */ = {isa = PBXFileReference; lastKnownFileType = sourcecode.swift; path = Document.swift; sourceTree = "<group>"; };
		C5DCC94E1F4D2EB2003800EB /* Assets.xcassets */ = {isa = PBXFileReference; lastKnownFileType = folder.assetcatalog; path = Assets.xcassets; sourceTree = "<group>"; };
		C5DCC9511F4D2EB2003800EB /* Base */ = {isa = PBXFileReference; lastKnownFileType = file.storyboard; name = Base; path = Base.lproj/Main.storyboard; sourceTree = "<group>"; };
		C5DCC9531F4D2EB2003800EB /* Info.plist */ = {isa = PBXFileReference; lastKnownFileType = text.plist.xml; path = Info.plist; sourceTree = "<group>"; };
		C5DCC9581F4D2EB2003800EB /* JournalClubPresenterTests.xctest */ = {isa = PBXFileReference; explicitFileType = wrapper.cfbundle; includeInIndex = 0; path = JournalClubPresenterTests.xctest; sourceTree = BUILT_PRODUCTS_DIR; };
		C5DCC95C1F4D2EB2003800EB /* JournalClubPresenterTests.swift */ = {isa = PBXFileReference; lastKnownFileType = sourcecode.swift; path = JournalClubPresenterTests.swift; sourceTree = "<group>"; };
		C5DCC95E1F4D2EB2003800EB /* Info.plist */ = {isa = PBXFileReference; lastKnownFileType = text.plist.xml; path = Info.plist; sourceTree = "<group>"; };
		C5DCC9631F4D2EB2003800EB /* JournalClubPresenterUITests.xctest */ = {isa = PBXFileReference; explicitFileType = wrapper.cfbundle; includeInIndex = 0; path = JournalClubPresenterUITests.xctest; sourceTree = BUILT_PRODUCTS_DIR; };
		C5DCC9671F4D2EB2003800EB /* JournalClubPresenterUITests.swift */ = {isa = PBXFileReference; lastKnownFileType = sourcecode.swift; path = JournalClubPresenterUITests.swift; sourceTree = "<group>"; };
		C5DCC9691F4D2EB2003800EB /* Info.plist */ = {isa = PBXFileReference; lastKnownFileType = text.plist.xml; path = Info.plist; sourceTree = "<group>"; };
/* End PBXFileReference section */

/* Begin PBXFrameworksBuildPhase section */
		C5DCC9421F4D2EB2003800EB /* Frameworks */ = {
			isa = PBXFrameworksBuildPhase;
			buildActionMask = 2147483647;
			files = (
			);
			runOnlyForDeploymentPostprocessing = 0;
		};
		C5DCC9551F4D2EB2003800EB /* Frameworks */ = {
			isa = PBXFrameworksBuildPhase;
			buildActionMask = 2147483647;
			files = (
			);
			runOnlyForDeploymentPostprocessing = 0;
		};
		C5DCC9601F4D2EB2003800EB /* Frameworks */ = {
			isa = PBXFrameworksBuildPhase;
			buildActionMask = 2147483647;
			files = (
			);
			runOnlyForDeploymentPostprocessing = 0;
		};
/* End PBXFrameworksBuildPhase section */

/* Begin PBXGroup section */
		C5DCC93C1F4D2EB2003800EB = {
			isa = PBXGroup;
			children = (
				C5DCC9471F4D2EB2003800EB /* JournalClubPresenter */,
				C5DCC95B1F4D2EB2003800EB /* JournalClubPresenterTests */,
				C5DCC9661F4D2EB2003800EB /* JournalClubPresenterUITests */,
				C5DCC9461F4D2EB2003800EB /* Products */,
			);
			sourceTree = "<group>";
		};
		C5DCC9461F4D2EB2003800EB /* Products */ = {
			isa = PBXGroup;
			children = (
				C5DCC9451F4D2EB2003800EB /* JournalClubPresenter.app */,
				C5DCC9581F4D2EB2003800EB /* JournalClubPresenterTests.xctest */,
				C5DCC9631F4D2EB2003800EB /* JournalClubPresenterUITests.xctest */,
			);
			name = Products;
			sourceTree = "<group>";
		};
		C5DCC9471F4D2EB2003800EB /* JournalClubPresenter */ = {
			isa = PBXGroup;
			children = (
				C5DCC9481F4D2EB2003800EB /* AppDelegate.swift */,
				C5DCC94A1F4D2EB2003800EB /* ViewController.swift */,
				C5DCC94C1F4D2EB2003800EB /* Document.swift */,
				C5DCC94E1F4D2EB2003800EB /* Assets.xcassets */,
				C5DCC9501F4D2EB2003800EB /* Main.storyboard */,
				C5DCC9531F4D2EB2003800EB /* Info.plist */,
			);
			path = JournalClubPresenter;
			sourceTree = "<group>";
		};
		C5DCC95B1F4D2EB2003800EB /* JournalClubPresenterTests */ = {
			isa = PBXGroup;
			children = (
				C5DCC95C1F4D2EB2003800EB /* JournalClubPresenterTests.swift */,
				C5DCC95E1F4D2EB2003800EB /* Info.plist */,
			);
			path = JournalClubPresenterTests;
			sourceTree = "<group>";
		};
		C5DCC9661F4D2EB2003800EB /* JournalClubPresenterUITests */ = {
			isa = PBXGroup;
			children = (
				C5DCC9671F4D2EB2003800EB /* JournalClubPresenterUITests.swift */,
				C5DCC9691F4D2EB2003800EB /* Info.plist */,
			);
			path = JournalClubPresenterUITests;
			sourceTree = "<group>";
		};
/* End PBXGroup section */

/* Begin PBXNativeTarget section */
		C5DCC9441F4D2EB2003800EB /* JournalClubPresenter */ = {
			isa = PBXNativeTarget;
			buildConfigurationList = C5DCC96C1F4D2EB2003800EB /* Build configuration list for PBXNativeTarget "JournalClubPresenter" */;
			buildPhases = (
				C5DCC9411F4D2EB2003800EB /* Sources */,
				C5DCC9421F4D2EB2003800EB /* Frameworks */,
				C5DCC9431F4D2EB2003800EB /* Resources */,
			);
			buildRules = (
			);
			dependencies = (
			);
			name = JournalClubPresenter;
			productName = JournalClubPresenter;
			productReference = C5DCC9451F4D2EB2003800EB /* JournalClubPresenter.app */;
			productType = "com.apple.product-type.application";
		};
		C5DCC9571F4D2EB2003800EB /* JournalClubPresenterTests */ = {
			isa = PBXNativeTarget;
			buildConfigurationList = C5DCC96F1F4D2EB2003800EB /* Build configuration list for PBXNativeTarget "JournalClubPresenterTests" */;
			buildPhases = (
				C5DCC9541F4D2EB2003800EB /* Sources */,
				C5DCC9551F4D2EB2003800EB /* Frameworks */,
				C5DCC9561F4D2EB2003800EB /* Resources */,
			);
			buildRules = (
			);
			dependencies = (
				C5DCC95A1F4D2EB2003800EB /* PBXTargetDependency */,
			);
			name = JournalClubPresenterTests;
			productName = JournalClubPresenterTests;
			productReference = C5DCC9581F4D2EB2003800EB /* JournalClubPresenterTests.xctest */;
			productType = "com.apple.product-type.bundle.unit-test";
		};
		C5DCC9621F4D2EB2003800EB /* JournalClubPresenterUITests */ = {
			isa = PBXNativeTarget;
			buildConfigurationList = C5DCC9721F4D2EB2003800EB /* Build configuration list for PBXNativeTarget "JournalClubPresenterUITests" */;
			buildPhases = (
				C5DCC95F1F4D2EB2003800EB /* Sources */,
				C5DCC9601F4D2EB2003800EB /* Frameworks */,
				C5DCC9611F4D2EB2003800EB /* Resources */,
			);
			buildRules = (
			);
			dependencies = (
				C5DCC9651F4D2EB2003800EB /* PBXTargetDependency */,
			);
			name = JournalClubPresenterUITests;
			productName = JournalClubPresenterUITests;
			productReference = C5DCC9631F4D2EB2003800EB /* JournalClubPresenterUITests.xctest */;
			productType = "com.apple.product-type.bundle.ui-testing";
		};
/* End PBXNativeTarget section */

/* Begin PBXProject section */
		C5DCC93D1F4D2EB2003800EB /* Project object */ = {
			isa = PBXProject;
			attributes = {
				LastSwiftUpdateCheck = 0830;
				LastUpgradeCheck = 0830;
				ORGANIZATIONNAME = nakario;
				TargetAttributes = {
					C5DCC9441F4D2EB2003800EB = {
						CreatedOnToolsVersion = 8.3.3;
						ProvisioningStyle = Automatic;
					};
					C5DCC9571F4D2EB2003800EB = {
						CreatedOnToolsVersion = 8.3.3;
						ProvisioningStyle = Automatic;
						TestTargetID = C5DCC9441F4D2EB2003800EB;
					};
					C5DCC9621F4D2EB2003800EB = {
						CreatedOnToolsVersion = 8.3.3;
						ProvisioningStyle = Automatic;
						TestTargetID = C5DCC9441F4D2EB2003800EB;
					};
				};
			};
			buildConfigurationList = C5DCC9401F4D2EB2003800EB /* Build configuration list for PBXProject "JournalClubPresenter" */;
			compatibilityVersion = "Xcode 3.2";
			developmentRegion = English;
			hasScannedForEncodings = 0;
			knownRegions = (
				en,
				Base,
			);
			mainGroup = C5DCC93C1F4D2EB2003800EB;
			productRefGroup = C5DCC9461F4D2EB2003800EB /* Products */;
			projectDirPath = "";
			projectRoot = "";
			targets = (
				C5DCC9441F4D2EB2003800EB /* JournalClubPresenter */,
				C5DCC9571F4D2EB2003800EB /* JournalClubPresenterTests */,
				C5DCC9621F4D2EB2003800EB /* JournalClubPresenterUITests */,
			);
		};
/* End PBXProject section */

/* Begin PBXResourcesBuildPhase section */
		C5DCC9431F4D2EB2003800EB /* Resources */ = {
			isa = PBXResourcesBuildPhase;
			buildActionMask = 2147483647;
			files = (
				C5DCC94F1F4D2EB2003800EB /* Assets.xcassets in Resources */,
				C5DCC9521F4D2EB2003800EB /* Main.storyboard in Resources */,
			);
			runOnlyForDeploymentPostprocessing = 0;
		};
		C5DCC9561F4D2EB2003800EB /* Resources */ = {
			isa = PBXResourcesBuildPhase;
			buildActionMask = 2147483647;
			files = (
			);
			runOnlyForDeploymentPostprocessing = 0;
		};
		C5DCC9611F4D2EB2003800EB /* Resources */ = {
			isa = PBXResourcesBuildPhase;
			buildActionMask = 2147483647;
			files = (
			);
			runOnlyForDeploymentPostprocessing = 0;
		};
/* End PBXResourcesBuildPhase section */

/* Begin PBXSourcesBuildPhase section */
		C5DCC9411F4D2EB2003800EB /* Sources */ = {
			isa = PBXSourcesBuildPhase;
			buildActionMask = 2147483647;
			files = (
				C5DCC94B1F4D2EB2003800EB /* ViewController.swift in Sources */,
				C5DCC9491F4D2EB2003800EB /* AppDelegate.swift in Sources */,
				C5DCC94D1F4D2EB2003800EB /* Document.swift in Sources */,
			);
			runOnlyForDeploymentPostprocessing = 0;
		};
		C5DCC9541F4D2EB2003800EB /* Sources */ = {
			isa = PBXSourcesBuildPhase;
			buildActionMask = 2147483647;
			files = (
				C5DCC95D1F4D2EB2003800EB /* JournalClubPresenterTests.swift in Sources */,
			);
			runOnlyForDeploymentPostprocessing = 0;
		};
		C5DCC95F1F4D2EB2003800EB /* Sources */ = {
			isa = PBXSourcesBuildPhase;
			buildActionMask = 2147483647;
			files = (
				C5DCC9681F4D2EB2003800EB /* JournalClubPresenterUITests.swift in Sources */,
			);
			runOnlyForDeploymentPostprocessing = 0;
		};
/* End PBXSourcesBuildPhase section */

/* Begin PBXTargetDependency section */
		C5DCC95A1F4D2EB2003800EB /* PBXTargetDependency */ = {
			isa = PBXTargetDependency;
			target = C5DCC9441F4D2EB2003800EB /* JournalClubPresenter */;
			targetProxy = C5DCC9591F4D2EB2003800EB /* PBXContainerItemProxy */;
		};
		C5DCC9651F4D2EB2003800EB /* PBXTargetDependency */ = {
			isa = PBXTargetDependency;
			target = C5DCC9441F4D2EB2003800EB /* JournalClubPresenter */;
			targetProxy = C5DCC9641F4D2EB2003800EB /* PBXContainerItemProxy */;
		};
/* End PBXTargetDependency section */

/* Begin PBXVariantGroup section */
		C5DCC9501F4D2EB2003800EB /* Main.storyboard */ = {
			isa = PBXVariantGroup;
			children = (
				C5DCC9511F4D2EB2003800EB /* Base */,
			);
			name = Main.storyboard;
			sourceTree = "<group>";
		};
/* End PBXVariantGroup section */

/* Begin XCBuildConfiguration section */
		C5DCC96A1F4D2EB2003800EB /* Debug */ = {
			isa = XCBuildConfiguration;
			buildSettings = {
				ALWAYS_SEARCH_USER_PATHS = NO;
				CLANG_ANALYZER_NONNULL = YES;
				CLANG_ANALYZER_NUMBER_OBJECT_CONVERSION = YES_AGGRESSIVE;
				CLANG_CXX_LANGUAGE_STANDARD = "gnu++0x";
				CLANG_CXX_LIBRARY = "libc++";
				CLANG_ENABLE_MODULES = YES;
				CLANG_ENABLE_OBJC_ARC = YES;
				CLANG_WARN_BOOL_CONVERSION = YES;
				CLANG_WARN_CONSTANT_CONVERSION = YES;
				CLANG_WARN_DIRECT_OBJC_ISA_USAGE = YES_ERROR;
				CLANG_WARN_DOCUMENTATION_COMMENTS = YES;
				CLANG_WARN_EMPTY_BODY = YES;
				CLANG_WARN_ENUM_CONVERSION = YES;
				CLANG_WARN_INFINITE_RECURSION = YES;
				CLANG_WARN_INT_CONVERSION = YES;
				CLANG_WARN_OBJC_ROOT_CLASS = YES_ERROR;
				CLANG_WARN_SUSPICIOUS_MOVE = YES;
				CLANG_WARN_UNREACHABLE_CODE = YES;
				CLANG_WARN__DUPLICATE_METHOD_MATCH = YES;
				CODE_SIGN_IDENTITY = "-";
				COPY_PHASE_STRIP = NO;
				DEBUG_INFORMATION_FORMAT = dwarf;
				ENABLE_STRICT_OBJC_MSGSEND = YES;
				ENABLE_TESTABILITY = YES;
				GCC_C_LANGUAGE_STANDARD = gnu99;
				GCC_DYNAMIC_NO_PIC = NO;
				GCC_NO_COMMON_BLOCKS = YES;
				GCC_OPTIMIZATION_LEVEL = 0;
				GCC_PREPROCESSOR_DEFINITIONS = (
					"DEBUG=1",
					"$(inherited)",
				);
				GCC_WARN_64_TO_32_BIT_CONVERSION = YES;
				GCC_WARN_ABOUT_RETURN_TYPE = YES_ERROR;
				GCC_WARN_UNDECLARED_SELECTOR = YES;
				GCC_WARN_UNINITIALIZED_AUTOS = YES_AGGRESSIVE;
				GCC_WARN_UNUSED_FUNCTION = YES;
				GCC_WARN_UNUSED_VARIABLE = YES;
				MACOSX_DEPLOYMENT_TARGET = 10.12;
				MTL_ENABLE_DEBUG_INFO = YES;
				ONLY_ACTIVE_ARCH = YES;
				SDKROOT = macosx;
				SWIFT_ACTIVE_COMPILATION_CONDITIONS = DEBUG;
				SWIFT_OPTIMIZATION_LEVEL = "-Onone";
			};
			name = Debug;
		};
		C5DCC96B1F4D2EB2003800EB /* Release */ = {
			isa = XCBuildConfiguration;
			buildSettings = {
				ALWAYS_SEARCH_USER_PATHS = NO;
				CLANG_ANALYZER_NONNULL = YES;
				CLANG_ANALYZER_NUMBER_OBJECT_CONVERSION = YES_AGGRESSIVE;
				CLANG_CXX_LANGUAGE_STANDARD = "gnu++0x";
				CLANG_CXX_LIBRARY = "libc++";
				CLANG_ENABLE_MODULES = YES;
				CLANG_ENABLE_OBJC_ARC = YES;
				CLANG_WARN_BOOL_CONVERSION = YES;
				CLANG_WARN_CONSTANT_CONVERSION = YES;
				CLANG_WARN_DIRECT_OBJC_ISA_USAGE = YES_ERROR;
				CLANG_WARN_DOCUMENTATION_COMMENTS = YES;
				CLANG_WARN_EMPTY_BODY = YES;
				CLANG_WARN_ENUM_CONVERSION = YES;
				CLANG_WARN_INFINITE_RECURSION = YES;
				CLANG_WARN_INT_CONVERSION = YES;
				CLANG_WARN_OBJC_ROOT_CLASS = YES_ERROR;
				CLANG_WARN_SUSPICIOUS_MOVE = YES;
				CLANG_WARN_UNREACHABLE_CODE = YES;
				CLANG_WARN__DUPLICATE_METHOD_MATCH = YES;
				CODE_SIGN_IDENTITY = "-";
				COPY_PHASE_STRIP = NO;
				DEBUG_INFORMATION_FORMAT = "dwarf-with-dsym";
				ENABLE_NS_ASSERTIONS = NO;
				ENABLE_STRICT_OBJC_MSGSEND = YES;
				GCC_C_LANGUAGE_STANDARD = gnu99;
				GCC_NO_COMMON_BLOCKS = YES;
				GCC_WARN_64_TO_32_BIT_CONVERSION = YES;
				GCC_WARN_ABOUT_RETURN_TYPE = YES_ERROR;
				GCC_WARN_UNDECLARED_SELECTOR = YES;
				GCC_WARN_UNINITIALIZED_AUTOS = YES_AGGRESSIVE;
				GCC_WARN_UNUSED_FUNCTION = YES;
				GCC_WARN_UNUSED_VARIABLE = YES;
				MACOSX_DEPLOYMENT_TARGET = 10.12;
				MTL_ENABLE_DEBUG_INFO = NO;
				SDKROOT = macosx;
				SWIFT_OPTIMIZATION_LEVEL = "-Owholemodule";
			};
			name = Release;
		};
		C5DCC96D1F4D2EB2003800EB /* Debug */ = {
			isa = XCBuildConfiguration;
			buildSettings = {
				ASSETCATALOG_COMPILER_APPICON_NAME = AppIcon;
				COMBINE_HIDPI_IMAGES = YES;
				INFOPLIST_FILE = JournalClubPresenter/Info.plist;
				LD_RUNPATH_SEARCH_PATHS = "$(inherited) @executable_path/../Frameworks";
				PRODUCT_BUNDLE_IDENTIFIER = jp.nakario.JournalClubPresenter;
				PRODUCT_NAME = "$(TARGET_NAME)";
				SWIFT_VERSION = 3.0;
			};
			name = Debug;
		};
		C5DCC96E1F4D2EB2003800EB /* Release */ = {
			isa = XCBuildConfiguration;
			buildSettings = {
				ASSETCATALOG_COMPILER_APPICON_NAME = AppIcon;
				COMBINE_HIDPI_IMAGES = YES;
				INFOPLIST_FILE = JournalClubPresenter/Info.plist;
				LD_RUNPATH_SEARCH_PATHS = "$(inherited) @executable_path/../Frameworks";
				PRODUCT_BUNDLE_IDENTIFIER = jp.nakario.JournalClubPresenter;
				PRODUCT_NAME = "$(TARGET_NAME)";
				SWIFT_VERSION = 3.0;
			};
			name = Release;
		};
		C5DCC9701F4D2EB2003800EB /* Debug */ = {
			isa = XCBuildConfiguration;
			buildSettings = {
				ALWAYS_EMBED_SWIFT_STANDARD_LIBRARIES = YES;
				BUNDLE_LOADER = "$(TEST_HOST)";
				COMBINE_HIDPI_IMAGES = YES;
				INFOPLIST_FILE = JournalClubPresenterTests/Info.plist;
				LD_RUNPATH_SEARCH_PATHS = "$(inherited) @executable_path/../Frameworks @loader_path/../Frameworks";
				PRODUCT_BUNDLE_IDENTIFIER = jp.nakario.JournalClubPresenterTests;
				PRODUCT_NAME = "$(TARGET_NAME)";
				SWIFT_VERSION = 3.0;
				TEST_HOST = "$(BUILT_PRODUCTS_DIR)/JournalClubPresenter.app/Contents/MacOS/JournalClubPresenter";
			};
			name = Debug;
		};
		C5DCC9711F4D2EB2003800EB /* Release */ = {
			isa = XCBuildConfiguration;
			buildSettings = {
				ALWAYS_EMBED_SWIFT_STANDARD_LIBRARIES = YES;
				BUNDLE_LOADER = "$(TEST_HOST)";
				COMBINE_HIDPI_IMAGES = YES;
				INFOPLIST_FILE = JournalClubPresenterTests/Info.plist;
				LD_RUNPATH_SEARCH_PATHS = "$(inherited) @executable_path/../Frameworks @loader_path/../Frameworks";
				PRODUCT_BUNDLE_IDENTIFIER = jp.nakario.JournalClubPresenterTests;
				PRODUCT_NAME = "$(TARGET_NAME)";
				SWIFT_VERSION = 3.0;
				TEST_HOST = "$(BUILT_PRODUCTS_DIR)/JournalClubPresenter.app/Contents/MacOS/JournalClubPresenter";
			};
			name = Release;
		};
		C5DCC9731F4D2EB2003800EB /* Debug */ = {
			isa = XCBuildConfiguration;
			buildSettings = {
				ALWAYS_EMBED_SWIFT_STANDARD_LIBRARIES = YES;
				COMBINE_HIDPI_IMAGES = YES;
				INFOPLIST_FILE = JournalClubPresenterUITests/Info.plist;
				LD_RUNPATH_SEARCH_PATHS = "$(inherited) @executable_path/../Frameworks @loader_path/../Frameworks";
				PRODUCT_BUNDLE_IDENTIFIER = jp.nakario.JournalClubPresenterUITests;
				PRODUCT_NAME = "$(TARGET_NAME)";
				SWIFT_VERSION = 3.0;
				TEST_TARGET_NAME = JournalClubPresenter;
			};
			name = Debug;
		};
		C5DCC9741F4D2EB2003800EB /* Release */ = {
			isa = XCBuildConfiguration;
			buildSettings = {
				ALWAYS_EMBED_SWIFT_STANDARD_LIBRARIES = YES;
				COMBINE_HIDPI_IMAGES = YES;
				INFOPLIST_FILE = JournalClubPresenterUITests/Info.plist;
				LD_RUNPATH_SEARCH_PATHS = "$(inherited) @executable_path/../Frameworks @loader_path/../Frameworks";
				PRODUCT_BUNDLE_IDENTIFIER = jp.nakario.JournalClubPresenterUITests;
				PRODUCT_NAME = "$(TARGET_NAME)";
				SWIFT_VERSION = 3.0;
				TEST_TARGET_NAME = JournalClubPresenter;
			};
			name = Release;
		};
/* End XCBuildConfiguration section */

/* Begin XCConfigurationList section */
		C5DCC9401F4D2EB2003800EB /* Build configuration list for PBXProject "JournalClubPresenter" */ = {
			isa = XCConfigurationList;
			buildConfigurations = (
				C5DCC96A1F4D2EB2003800EB /* Debug */,
				C5DCC96B1F4D2EB2003800EB /* Release */,
			);
			defaultConfigurationIsVisible = 0;
			defaultConfigurationName = Release;
		};
		C5DCC96C1F4D2EB2003800EB /* Build configuration list for PBXNativeTarget "JournalClubPresenter" */ = {
			isa = XCConfigurationList;
			buildConfigurations = (
				C5DCC96D1F4D2EB2003800EB /* Debug */,
				C5DCC96E1F4D2EB2003800EB /* Release */,
			);
			defaultConfigurationIsVisible = 0;
		};
		C5DCC96F1F4D2EB2003800EB /* Build configuration list for PBXNativeTarget "JournalClubPresenterTests" */ = {
			isa = XCConfigurationList;
			buildConfigurations = (
				C5DCC9701F4D2EB2003800EB /* Debug */,
				C5DCC9711F4D2EB2003800EB /* Release */,
			);
			defaultConfigurationIsVisible = 0;
		};
		C5DCC9721F4D2EB2003800EB /* Build configuration list for PBXNativeTarget "JournalClubPresenterUITests" */ = {
			isa = XCConfigurationList;
			buildConfigurations = (
				C5DCC9731F4D2EB2003800EB /* Debug */,
				C5DCC9741F4D2EB2003800EB /* Release */,
			);
			defaultConfigurationIsVisible = 0;
		};
/* End XCConfigurationList section */
	};
	rootObject = C5DCC93D1F4D2EB2003800EB /* Project object */;
}
